// !$*UTF8*$!
{
	archiveVersion = 1;
	classes = {
	};
	objectVersion = 46;
	objects = {

/* Begin PBXBuildFile section */
		70C00F8C1820ED43003FE823 /* Foundation.framework in Frameworks */ = {isa = PBXBuildFile; fileRef = 70C00F8B1820ED43003FE823 /* Foundation.framework */; };
		70C00F8E1820ED43003FE823 /* CoreGraphics.framework in Frameworks */ = {isa = PBXBuildFile; fileRef = 70C00F8D1820ED43003FE823 /* CoreGraphics.framework */; };
		70C00F901820ED43003FE823 /* UIKit.framework in Frameworks */ = {isa = PBXBuildFile; fileRef = 70C00F8F1820ED43003FE823 /* UIKit.framework */; };
		70C00F961820ED43003FE823 /* InfoPlist.strings in Resources */ = {isa = PBXBuildFile; fileRef = 70C00F941820ED43003FE823 /* InfoPlist.strings */; };
		70C00F981820ED43003FE823 /* main.m in Sources */ = {isa = PBXBuildFile; fileRef = 70C00F971820ED43003FE823 /* main.m */; };
		70C00F9C1820ED43003FE823 /* AppDelegate.m in Sources */ = {isa = PBXBuildFile; fileRef = 70C00F9B1820ED43003FE823 /* AppDelegate.m */; };
		70C00F9F1820ED43003FE823 /* Main.storyboard in Resources */ = {isa = PBXBuildFile; fileRef = 70C00F9D1820ED43003FE823 /* Main.storyboard */; };
		70C00FA41820ED43003FE823 /* Images.xcassets in Resources */ = {isa = PBXBuildFile; fileRef = 70C00FA31820ED43003FE823 /* Images.xcassets */; };
		70C00FAB1820ED44003FE823 /* XCTest.framework in Frameworks */ = {isa = PBXBuildFile; fileRef = 70C00FAA1820ED44003FE823 /* XCTest.framework */; };
		70C00FAC1820ED44003FE823 /* Foundation.framework in Frameworks */ = {isa = PBXBuildFile; fileRef = 70C00F8B1820ED43003FE823 /* Foundation.framework */; };
		70C00FAD1820ED44003FE823 /* UIKit.framework in Frameworks */ = {isa = PBXBuildFile; fileRef = 70C00F8F1820ED43003FE823 /* UIKit.framework */; };
		70C00FB51820ED44003FE823 /* InfoPlist.strings in Resources */ = {isa = PBXBuildFile; fileRef = 70C00FB31820ED44003FE823 /* InfoPlist.strings */; };
		70C00FB71820ED44003FE823 /* TableViewFooterResizeTests.m in Sources */ = {isa = PBXBuildFile; fileRef = 70C00FB61820ED44003FE823 /* TableViewFooterResizeTests.m */; };
		70C00FC21820ED7A003FE823 /* MyTableViewController.m in Sources */ = {isa = PBXBuildFile; fileRef = 70C00FC11820ED7A003FE823 /* MyTableViewController.m */; };
/* End PBXBuildFile section */

/* Begin PBXContainerItemProxy section */
		70C00FAE1820ED44003FE823 /* PBXContainerItemProxy */ = {
			isa = PBXContainerItemProxy;
			containerPortal = 70C00F801820ED43003FE823 /* Project object */;
			proxyType = 1;
			remoteGlobalIDString = 70C00F871820ED43003FE823;
			remoteInfo = TableViewFooterResize;
		};
/* End PBXContainerItemProxy section */

/* Begin PBXFileReference section */
		70C00F881820ED43003FE823 /* TableViewFooterResize.app */ = {isa = PBXFileReference; explicitFileType = wrapper.application; includeInIndex = 0; path = TableViewFooterResize.app; sourceTree = BUILT_PRODUCTS_DIR; };
		70C00F8B1820ED43003FE823 /* Foundation.framework */ = {isa = PBXFileReference; lastKnownFileType = wrapper.framework; name = Foundation.framework; path = System/Library/Frameworks/Foundation.framework; sourceTree = SDKROOT; };
		70C00F8D1820ED43003FE823 /* CoreGraphics.framework */ = {isa = PBXFileReference; lastKnownFileType = wrapper.framework; name = CoreGraphics.framework; path = System/Library/Frameworks/CoreGraphics.framework; sourceTree = SDKROOT; };
		70C00F8F1820ED43003FE823 /* UIKit.framework */ = {isa = PBXFileReference; lastKnownFileType = wrapper.framework; name = UIKit.framework; path = System/Library/Frameworks/UIKit.framework; sourceTree = SDKROOT; };
		70C00F931820ED43003FE823 /* TableViewFooterResize-Info.plist */ = {isa = PBXFileReference; lastKnownFileType = text.plist.xml; path = "TableViewFooterResize-Info.plist"; sourceTree = "<group>"; };
		70C00F951820ED43003FE823 /* en */ = {isa = PBXFileReference; lastKnownFileType = text.plist.strings; name = en; path = en.lproj/InfoPlist.strings; sourceTree = "<group>"; };
		70C00F971820ED43003FE823 /* main.m */ = {isa = PBXFileReference; lastKnownFileType = sourcecode.c.objc; path = main.m; sourceTree = "<group>"; };
		70C00F991820ED43003FE823 /* TableViewFooterResize-Prefix.pch */ = {isa = PBXFileReference; lastKnownFileType = sourcecode.c.h; path = "TableViewFooterResize-Prefix.pch"; sourceTree = "<group>"; };
		70C00F9A1820ED43003FE823 /* AppDelegate.h */ = {isa = PBXFileReference; lastKnownFileType = sourcecode.c.h; path = AppDelegate.h; sourceTree = "<group>"; };
		70C00F9B1820ED43003FE823 /* AppDelegate.m */ = {isa = PBXFileReference; lastKnownFileType = sourcecode.c.objc; path = AppDelegate.m; sourceTree = "<group>"; };
		70C00F9E1820ED43003FE823 /* Base */ = {isa = PBXFileReference; lastKnownFileType = file.storyboard; name = Base; path = Base.lproj/Main.storyboard; sourceTree = "<group>"; };
		70C00FA31820ED43003FE823 /* Images.xcassets */ = {isa = PBXFileReference; lastKnownFileType = folder.assetcatalog; path = Images.xcassets; sourceTree = "<group>"; };
		70C00FA91820ED44003FE823 /* TableViewFooterResizeTests.xctest */ = {isa = PBXFileReference; explicitFileType = wrapper.cfbundle; includeInIndex = 0; path = TableViewFooterResizeTests.xctest; sourceTree = BUILT_PRODUCTS_DIR; };
		70C00FAA1820ED44003FE823 /* XCTest.framework */ = {isa = PBXFileReference; lastKnownFileType = wrapper.framework; name = XCTest.framework; path = Library/Frameworks/XCTest.framework; sourceTree = DEVELOPER_DIR; };
		70C00FB21820ED44003FE823 /* TableViewFooterResizeTests-Info.plist */ = {isa = PBXFileReference; lastKnownFileType = text.plist.xml; path = "TableViewFooterResizeTests-Info.plist"; sourceTree = "<group>"; };
		70C00FB41820ED44003FE823 /* en */ = {isa = PBXFileReference; lastKnownFileType = text.plist.strings; name = en; path = en.lproj/InfoPlist.strings; sourceTree = "<group>"; };
		70C00FB61820ED44003FE823 /* TableViewFooterResizeTests.m */ = {isa = PBXFileReference; lastKnownFileType = sourcecode.c.objc; path = TableViewFooterResizeTests.m; sourceTree = "<group>"; };
		70C00FC01820ED7A003FE823 /* MyTableViewController.h */ = {isa = PBXFileReference; fileEncoding = 4; lastKnownFileType = sourcecode.c.h; path = MyTableViewController.h; sourceTree = "<group>"; };
		70C00FC11820ED7A003FE823 /* MyTableViewController.m */ = {isa = PBXFileReference; fileEncoding = 4; lastKnownFileType = sourcecode.c.objc; path = MyTableViewController.m; sourceTree = "<group>"; };
/* End PBXFileReference section */

/* Begin PBXFrameworksBuildPhase section */
		70C00F851820ED43003FE823 /* Frameworks */ = {
			isa = PBXFrameworksBuildPhase;
			buildActionMask = 2147483647;
			files = (
				70C00F8E1820ED43003FE823 /* CoreGraphics.framework in Frameworks */,
				70C00F901820ED43003FE823 /* UIKit.framework in Frameworks */,
				70C00F8C1820ED43003FE823 /* Foundation.framework in Frameworks */,
			);
			runOnlyForDeploymentPostprocessing = 0;
		};
		70C00FA61820ED44003FE823 /* Frameworks */ = {
			isa = PBXFrameworksBuildPhase;
			buildActionMask = 2147483647;
			files = (
				70C00FAB1820ED44003FE823 /* XCTest.framework in Frameworks */,
				70C00FAD1820ED44003FE823 /* UIKit.framework in Frameworks */,
				70C00FAC1820ED44003FE823 /* Foundation.framework in Frameworks */,
			);
			runOnlyForDeploymentPostprocessing = 0;
		};
/* End PBXFrameworksBuildPhase section */

/* Begin PBXGroup section */
		70C00F7F1820ED43003FE823 = {
			isa = PBXGroup;
			children = (
				70C00F911820ED43003FE823 /* TableViewFooterResize */,
				70C00FB01820ED44003FE823 /* TableViewFooterResizeTests */,
				70C00F8A1820ED43003FE823 /* Frameworks */,
				70C00F891820ED43003FE823 /* Products */,
			);
			sourceTree = "<group>";
		};
		70C00F891820ED43003FE823 /* Products */ = {
			isa = PBXGroup;
			children = (
				70C00F881820ED43003FE823 /* TableViewFooterResize.app */,
				70C00FA91820ED44003FE823 /* TableViewFooterResizeTests.xctest */,
			);
			name = Products;
			sourceTree = "<group>";
		};
		70C00F8A1820ED43003FE823 /* Frameworks */ = {
			isa = PBXGroup;
			children = (
				70C00F8B1820ED43003FE823 /* Foundation.framework */,
				70C00F8D1820ED43003FE823 /* CoreGraphics.framework */,
				70C00F8F1820ED43003FE823 /* UIKit.framework */,
				70C00FAA1820ED44003FE823 /* XCTest.framework */,
			);
			name = Frameworks;
			sourceTree = "<group>";
		};
		70C00F911820ED43003FE823 /* TableViewFooterResize */ = {
			isa = PBXGroup;
			children = (
				70C00F9A1820ED43003FE823 /* AppDelegate.h */,
				70C00F9B1820ED43003FE823 /* AppDelegate.m */,
				70C00FC01820ED7A003FE823 /* MyTableViewController.h */,
				70C00FC11820ED7A003FE823 /* MyTableViewController.m */,
				70C00F9D1820ED43003FE823 /* Main.storyboard */,
				70C00FA31820ED43003FE823 /* Images.xcassets */,
				70C00F921820ED43003FE823 /* Supporting Files */,
			);
			path = TableViewFooterResize;
			sourceTree = "<group>";
		};
		70C00F921820ED43003FE823 /* Supporting Files */ = {
			isa = PBXGroup;
			children = (
				70C00F931820ED43003FE823 /* TableViewFooterResize-Info.plist */,
				70C00F941820ED43003FE823 /* InfoPlist.strings */,
				70C00F971820ED43003FE823 /* main.m */,
				70C00F991820ED43003FE823 /* TableViewFooterResize-Prefix.pch */,
			);
			name = "Supporting Files";
			sourceTree = "<group>";
		};
		70C00FB01820ED44003FE823 /* TableViewFooterResizeTests */ = {
			isa = PBXGroup;
			children = (
				70C00FB61820ED44003FE823 /* TableViewFooterResizeTests.m */,
				70C00FB11820ED44003FE823 /* Supporting Files */,
			);
			path = TableViewFooterResizeTests;
			sourceTree = "<group>";
		};
		70C00FB11820ED44003FE823 /* Supporting Files */ = {
			isa = PBXGroup;
			children = (
				70C00FB21820ED44003FE823 /* TableViewFooterResizeTests-Info.plist */,
				70C00FB31820ED44003FE823 /* InfoPlist.strings */,
			);
			name = "Supporting Files";
			sourceTree = "<group>";
		};
/* End PBXGroup section */

/* Begin PBXNativeTarget section */
		70C00F871820ED43003FE823 /* TableViewFooterResize */ = {
			isa = PBXNativeTarget;
			buildConfigurationList = 70C00FBA1820ED44003FE823 /* Build configuration list for PBXNativeTarget "TableViewFooterResize" */;
			buildPhases = (
				70C00F841820ED43003FE823 /* Sources */,
				70C00F851820ED43003FE823 /* Frameworks */,
				70C00F861820ED43003FE823 /* Resources */,
			);
			buildRules = (
			);
			dependencies = (
			);
			name = TableViewFooterResize;
			productName = TableViewFooterResize;
			productReference = 70C00F881820ED43003FE823 /* TableViewFooterResize.app */;
			productType = "com.apple.product-type.application";
		};
		70C00FA81820ED44003FE823 /* TableViewFooterResizeTests */ = {
			isa = PBXNativeTarget;
			buildConfigurationList = 70C00FBD1820ED44003FE823 /* Build configuration list for PBXNativeTarget "TableViewFooterResizeTests" */;
			buildPhases = (
				70C00FA51820ED44003FE823 /* Sources */,
				70C00FA61820ED44003FE823 /* Frameworks */,
				70C00FA71820ED44003FE823 /* Resources */,
			);
			buildRules = (
			);
			dependencies = (
				70C00FAF1820ED44003FE823 /* PBXTargetDependency */,
			);
			name = TableViewFooterResizeTests;
			productName = TableViewFooterResizeTests;
			productReference = 70C00FA91820ED44003FE823 /* TableViewFooterResizeTests.xctest */;
			productType = "com.apple.product-type.bundle.unit-test";
		};
/* End PBXNativeTarget section */

/* Begin PBXProject section */
		70C00F801820ED43003FE823 /* Project object */ = {
			isa = PBXProject;
			attributes = {
				LastUpgradeCheck = 0500;
				ORGANIZATIONNAME = "Christian Mittendorf";
				TargetAttributes = {
					70C00FA81820ED44003FE823 = {
						TestTargetID = 70C00F871820ED43003FE823;
					};
				};
			};
			buildConfigurationList = 70C00F831820ED43003FE823 /* Build configuration list for PBXProject "TableViewFooterResize" */;
			compatibilityVersion = "Xcode 3.2";
			developmentRegion = English;
			hasScannedForEncodings = 0;
			knownRegions = (
				en,
				Base,
			);
			mainGroup = 70C00F7F1820ED43003FE823;
			productRefGroup = 70C00F891820ED43003FE823 /* Products */;
			projectDirPath = "";
			projectRoot = "";
			targets = (
				70C00F871820ED43003FE823 /* TableViewFooterResize */,
				70C00FA81820ED44003FE823 /* TableViewFooterResizeTests */,
			);
		};
/* End PBXProject section */

/* Begin PBXResourcesBuildPhase section */
		70C00F861820ED43003FE823 /* Resources */ = {
			isa = PBXResourcesBuildPhase;
			buildActionMask = 2147483647;
			files = (
				70C00FA41820ED43003FE823 /* Images.xcassets in Resources */,
				70C00F961820ED43003FE823 /* InfoPlist.strings in Resources */,
				70C00F9F1820ED43003FE823 /* Main.storyboard in Resources */,
			);
			runOnlyForDeploymentPostprocessing = 0;
		};
		70C00FA71820ED44003FE823 /* Resources */ = {
			isa = PBXResourcesBuildPhase;
			buildActionMask = 2147483647;
			files = (
				70C00FB51820ED44003FE823 /* InfoPlist.strings in Resources */,
			);
			runOnlyForDeploymentPostprocessing = 0;
		};
/* End PBXResourcesBuildPhase section */

/* Begin PBXSourcesBuildPhase section */
		70C00F841820ED43003FE823 /* Sources */ = {
			isa = PBXSourcesBuildPhase;
			buildActionMask = 2147483647;
			files = (
				70C00F9C1820ED43003FE823 /* AppDelegate.m in Sources */,
				70C00F981820ED43003FE823 /* main.m in Sources */,
				70C00FC21820ED7A003FE823 /* MyTableViewController.m in Sources */,
			);
			runOnlyForDeploymentPostprocessing = 0;
		};
		70C00FA51820ED44003FE823 /* Sources */ = {
			isa = PBXSourcesBuildPhase;
			buildActionMask = 2147483647;
			files = (
				70C00FB71820ED44003FE823 /* TableViewFooterResizeTests.m in Sources */,
			);
			runOnlyForDeploymentPostprocessing = 0;
		};
/* End PBXSourcesBuildPhase section */

/* Begin PBXTargetDependency section */
		70C00FAF1820ED44003FE823 /* PBXTargetDependency */ = {
			isa = PBXTargetDependency;
			target = 70C00F871820ED43003FE823 /* TableViewFooterResize */;
			targetProxy = 70C00FAE1820ED44003FE823 /* PBXContainerItemProxy */;
		};
/* End PBXTargetDependency section */

/* Begin PBXVariantGroup section */
		70C00F941820ED43003FE823 /* InfoPlist.strings */ = {
			isa = PBXVariantGroup;
			children = (
				70C00F951820ED43003FE823 /* en */,
			);
			name = InfoPlist.strings;
			sourceTree = "<group>";
		};
		70C00F9D1820ED43003FE823 /* Main.storyboard */ = {
			isa = PBXVariantGroup;
			children = (
				70C00F9E1820ED43003FE823 /* Base */,
			);
			name = Main.storyboard;
			sourceTree = "<group>";
		};
		70C00FB31820ED44003FE823 /* InfoPlist.strings */ = {
			isa = PBXVariantGroup;
			children = (
				70C00FB41820ED44003FE823 /* en */,
			);
			name = InfoPlist.strings;
			sourceTree = "<group>";
		};
/* End PBXVariantGroup section */

/* Begin XCBuildConfiguration section */
		70C00FB81820ED44003FE823 /* Debug */ = {
			isa = XCBuildConfiguration;
			buildSettings = {
				ALWAYS_SEARCH_USER_PATHS = NO;
				ARCHS = "$(ARCHS_STANDARD_INCLUDING_64_BIT)";
				CLANG_CXX_LANGUAGE_STANDARD = "gnu++0x";
				CLANG_CXX_LIBRARY = "libc++";
				CLANG_ENABLE_MODULES = YES;
				CLANG_ENABLE_OBJC_ARC = YES;
				CLANG_WARN_BOOL_CONVERSION = YES;
				CLANG_WARN_CONSTANT_CONVERSION = YES;
				CLANG_WARN_DIRECT_OBJC_ISA_USAGE = YES_ERROR;
				CLANG_WARN_EMPTY_BODY = YES;
				CLANG_WARN_ENUM_CONVERSION = YES;
				CLANG_WARN_INT_CONVERSION = YES;
				CLANG_WARN_OBJC_ROOT_CLASS = YES_ERROR;
				CLANG_WARN__DUPLICATE_METHOD_MATCH = YES;
				"CODE_SIGN_IDENTITY[sdk=iphoneos*]" = "iPhone Developer";
				COPY_PHASE_STRIP = NO;
				GCC_C_LANGUAGE_STANDARD = gnu99;
				GCC_DYNAMIC_NO_PIC = NO;
				GCC_OPTIMIZATION_LEVEL = 0;
				GCC_PREPROCESSOR_DEFINITIONS = (
					"DEBUG=1",
					"$(inherited)",
				);
				GCC_SYMBOLS_PRIVATE_EXTERN = NO;
				GCC_WARN_64_TO_32_BIT_CONVERSION = YES;
				GCC_WARN_ABOUT_RETURN_TYPE = YES_ERROR;
				GCC_WARN_UNDECLARED_SELECTOR = YES;
				GCC_WARN_UNINITIALIZED_AUTOS = YES;
				GCC_WARN_UNUSED_FUNCTION = YES;
				GCC_WARN_UNUSED_VARIABLE = YES;
				IPHONEOS_DEPLOYMENT_TARGET = 7.0;
				ONLY_ACTIVE_ARCH = YES;
				SDKROOT = iphoneos;
			};
			name = Debug;
		};
		70C00FB91820ED44003FE823 /* Release */ = {
			isa = XCBuildConfiguration;
			buildSettings = {
				ALWAYS_SEARCH_USER_PATHS = NO;
				ARCHS = "$(ARCHS_STANDARD_INCLUDING_64_BIT)";
				CLANG_CXX_LANGUAGE_STANDARD = "gnu++0x";
				CLANG_CXX_LIBRARY = "libc++";
				CLANG_ENABLE_MODULES = YES;
				CLANG_ENABLE_OBJC_ARC = YES;
				CLANG_WARN_BOOL_CONVERSION = YES;
				CLANG_WARN_CONSTANT_CONVERSION = YES;
				CLANG_WARN_DIRECT_OBJC_ISA_USAGE = YES_ERROR;
				CLANG_WARN_EMPTY_BODY = YES;
				CLANG_WARN_ENUM_CONVERSION = YES;
				CLANG_WARN_INT_CONVERSION = YES;
				CLANG_WARN_OBJC_ROOT_CLASS = YES_ERROR;
				CLANG_WARN__DUPLICATE_METHOD_MATCH = YES;
				"CODE_SIGN_IDENTITY[sdk=iphoneos*]" = "iPhone Developer";
				COPY_PHASE_STRIP = YES;
				ENABLE_NS_ASSERTIONS = NO;
				GCC_C_LANGUAGE_STANDARD = gnu99;
				GCC_WARN_64_TO_32_BIT_CONVERSION = YES;
				GCC_WARN_ABOUT_RETURN_TYPE = YES_ERROR;
				GCC_WARN_UNDECLARED_SELECTOR = YES;
				GCC_WARN_UNINITIALIZED_AUTOS = YES;
				GCC_WARN_UNUSED_FUNCTION = YES;
				GCC_WARN_UNUSED_VARIABLE = YES;
				IPHONEOS_DEPLOYMENT_TARGET = 7.0;
				SDKROOT = iphoneos;
				VALIDATE_PRODUCT = YES;
			};
			name = Release;
		};
		70C00FBB1820ED44003FE823 /* Debug */ = {
			isa = XCBuildConfiguration;
			buildSettings = {
				ASSETCATALOG_COMPILER_APPICON_NAME = AppIcon;
				ASSETCATALOG_COMPILER_LAUNCHIMAGE_NAME = LaunchImage;
				GCC_PRECOMPILE_PREFIX_HEADER = YES;
				GCC_PREFIX_HEADER = "TableViewFooterResize/TableViewFooterResize-Prefix.pch";
				INFOPLIST_FILE = "TableViewFooterResize/TableViewFooterResize-Info.plist";
				PRODUCT_NAME = "$(TARGET_NAME)";
				WRAPPER_EXTENSION = app;
			};
			name = Debug;
		};
		70C00FBC1820ED44003FE823 /* Release */ = {
			isa = XCBuildConfiguration;
			buildSettings = {
				ASSETCATALOG_COMPILER_APPICON_NAME = AppIcon;
				ASSETCATALOG_COMPILER_LAUNCHIMAGE_NAME = LaunchImage;
				GCC_PRECOMPILE_PREFIX_HEADER = YES;
				GCC_PREFIX_HEADER = "TableViewFooterResize/TableViewFooterResize-Prefix.pch";
				INFOPLIST_FILE = "TableViewFooterResize/TableViewFooterResize-Info.plist";
				PRODUCT_NAME = "$(TARGET_NAME)";
				WRAPPER_EXTENSION = app;
			};
			name = Release;
		};
		70C00FBE1820ED44003FE823 /* Debug */ = {
			isa = XCBuildConfiguration;
			buildSettings = {
				ARCHS = "$(ARCHS_STANDARD_INCLUDING_64_BIT)";
				BUNDLE_LOADER = "$(BUILT_PRODUCTS_DIR)/TableViewFooterResize.app/TableViewFooterResize";
				FRAMEWORK_SEARCH_PATHS = (
					"$(SDKROOT)/Developer/Library/Frameworks",
					"$(inherited)",
					"$(DEVELOPER_FRAMEWORKS_DIR)",
				);
				GCC_PRECOMPILE_PREFIX_HEADER = YES;
				GCC_PREFIX_HEADER = "TableViewFooterResize/TableViewFooterResize-Prefix.pch";
				GCC_PREPROCESSOR_DEFINITIONS = (
					"DEBUG=1",
					"$(inherited)",
				);
				INFOPLIST_FILE = "TableViewFooterResizeTests/TableViewFooterResizeTests-Info.plist";
				PRODUCT_NAME = "$(TARGET_NAME)";
				TEST_HOST = "$(BUNDLE_LOADER)";
				WRAPPER_EXTENSION = xctest;
			};
			name = Debug;
		};
		70C00FBF1820ED44003FE823 /* Release */ = {
			isa = XCBuildConfiguration;
			buildSettings = {
				ARCHS = "$(ARCHS_STANDARD_INCLUDING_64_BIT)";
				BUNDLE_LOADER = "$(BUILT_PRODUCTS_DIR)/TableViewFooterResize.app/TableViewFooterResize";
				FRAMEWORK_SEARCH_PATHS = (
					"$(SDKROOT)/Developer/Library/Frameworks",
					"$(inherited)",
					"$(DEVELOPER_FRAMEWORKS_DIR)",
				);
				GCC_PRECOMPILE_PREFIX_HEADER = YES;
				GCC_PREFIX_HEADER = "TableViewFooterResize/TableViewFooterResize-Prefix.pch";
				INFOPLIST_FILE = "TableViewFooterResizeTests/TableViewFooterResizeTests-Info.plist";
				PRODUCT_NAME = "$(TARGET_NAME)";
				TEST_HOST = "$(BUNDLE_LOADER)";
				WRAPPER_EXTENSION = xctest;
			};
			name = Release;
		};
/* End XCBuildConfiguration section */

/* Begin XCConfigurationList section */
		70C00F831820ED43003FE823 /* Build configuration list for PBXProject "TableViewFooterResize" */ = {
			isa = XCConfigurationList;
			buildConfigurations = (
				70C00FB81820ED44003FE823 /* Debug */,
				70C00FB91820ED44003FE823 /* Release */,
			);
			defaultConfigurationIsVisible = 0;
			defaultConfigurationName = Release;
		};
		70C00FBA1820ED44003FE823 /* Build configuration list for PBXNativeTarget "TableViewFooterResize" */ = {
			isa = XCConfigurationList;
			buildConfigurations = (
				70C00FBB1820ED44003FE823 /* Debug */,
				70C00FBC1820ED44003FE823 /* Release */,
			);
			defaultConfigurationIsVisible = 0;
		};
		70C00FBD1820ED44003FE823 /* Build configuration list for PBXNativeTarget "TableViewFooterResizeTests" */ = {
			isa = XCConfigurationList;
			buildConfigurations = (
				70C00FBE1820ED44003FE823 /* Debug */,
				70C00FBF1820ED44003FE823 /* Release */,
			);
			defaultConfigurationIsVisible = 0;
		};
/* End XCConfigurationList section */
	};
	rootObject = 70C00F801820ED43003FE823 /* Project object */;
}
